
Microsoft Visual Studio Solution File, Format Version 12.00
Project("{FAE04EC0-301F-11D3-BF4B-00C04F79EFBC}") = "BurnOutSharp", "BurnOutSharp\BurnOutSharp.csproj", "{94FA0AF5-9FCB-4BDB-BB9B-F0D636EA842B}"
EndProject
Global
	GlobalSection(SolutionConfigurationPlatforms) = preSolution
		Debug|Any CPU = Debug|Any CPU
		Release|Any CPU = Release|Any CPU
	EndGlobalSection
	GlobalSection(ProjectConfigurationPlatforms) = postSolution
		{94FA0AF5-9FCB-4BDB-BB9B-F0D636EA842B}.Debug|Any CPU.ActiveCfg = Debug|Any CPU
		{94FA0AF5-9FCB-4BDB-BB9B-F0D636EA842B}.Debug|Any CPU.Build.0 = Debug|Any CPU
		{94FA0AF5-9FCB-4BDB-BB9B-F0D636EA842B}.Release|Any CPU.ActiveCfg = Release|Any CPU
		{94FA0AF5-9FCB-4BDB-BB9B-F0D636EA842B}.Release|Any CPU.Build.0 = Release|Any CPU
	EndGlobalSection
EndGlobal
